
Microsoft Visual Studio Solution File, Format Version 12.00
# Visual Studio Version 16
VisualStudioVersion = 16.0.31624.102
MinimumVisualStudioVersion = 10.0.40219.1
Project("{FAE04EC0-301F-11D3-BF4B-00C04F79EFBC}") = "ex 3", "ex 3\ex 3.csproj", "{AB540DD1-AFA7-42E7-827B-58708835E1B4}"
EndProject
Global
	GlobalSection(SolutionConfigurationPlatforms) = preSolution
		Debug|Any CPU = Debug|Any CPU
		Release|Any CPU = Release|Any CPU
	EndGlobalSection
	GlobalSection(ProjectConfigurationPlatforms) = postSolution
		{AB540DD1-AFA7-42E7-827B-58708835E1B4}.Debug|Any CPU.ActiveCfg = Debug|Any CPU
		{AB540DD1-AFA7-42E7-827B-58708835E1B4}.Debug|Any CPU.Build.0 = Debug|Any CPU
		{AB540DD1-AFA7-42E7-827B-58708835E1B4}.Release|Any CPU.ActiveCfg = Release|Any CPU
		{AB540DD1-AFA7-42E7-827B-58708835E1B4}.Release|Any CPU.Build.0 = Release|Any CPU
	EndGlobalSection
	GlobalSection(SolutionProperties) = preSolution
		HideSolutionNode = FALSE
	EndGlobalSection
	GlobalSection(ExtensibilityGlobals) = postSolution
		SolutionGuid = {D1C06451-9B1A-4AB5-9D9A-8AC2BE37D594}
	EndGlobalSection
EndGlobal
